
Microsoft Visual Studio Solution File, Format Version 12.00
# Visual Studio Version 16
VisualStudioVersion = 16.0.31005.135
MinimumVisualStudioVersion = 10.0.40219.1
Project("{FAE04EC0-301F-11D3-BF4B-00C04F79EFBC}") = "UwpWallpaper", "UwpWallpaper\UwpWallpaper.csproj", "{5B1E9F61-0D36-4958-8AAA-FAE6DE4D2C98}"
	ProjectSection(ProjectDependencies) = postProject
		{68260C23-F95C-4A1C-8795-9B3A2C2EBC59} = {68260C23-F95C-4A1C-8795-9B3A2C2EBC59}
		{2EE2B9C4-DFA5-4C71-A968-B617BADD8102} = {2EE2B9C4-DFA5-4C71-A968-B617BADD8102}
	EndProjectSection
EndProject
Project("{FAE04EC0-301F-11D3-BF4B-00C04F79EFBC}") = "BackgroundTasks", "BackgroundTasks\BackgroundTasks.csproj", "{F8BFD5AA-EA56-4C51-8670-F7E01FA1985E}"
	ProjectSection(ProjectDependencies) = postProject
		{68260C23-F95C-4A1C-8795-9B3A2C2EBC59} = {68260C23-F95C-4A1C-8795-9B3A2C2EBC59}
	EndProjectSection
EndProject
Project("{FAE04EC0-301F-11D3-BF4B-00C04F79EFBC}") = "SqliteManager", "SqliteManager\SqliteManager.csproj", "{2EE2B9C4-DFA5-4C71-A968-B617BADD8102}"
EndProject
Project("{FAE04EC0-301F-11D3-BF4B-00C04F79EFBC}") = "NotificationBackgroundTasks", "NotificationBackgroundTasks\NotificationBackgroundTasks.csproj", "{8D9DE5C8-7077-4833-8DD9-AE9E4CCECABE}"
	ProjectSection(ProjectDependencies) = postProject
		{68260C23-F95C-4A1C-8795-9B3A2C2EBC59} = {68260C23-F95C-4A1C-8795-9B3A2C2EBC59}
	EndProjectSection
EndProject
Project("{FAE04EC0-301F-11D3-BF4B-00C04F79EFBC}") = "CommonUtil", "CommonUtil\CommonUtil.csproj", "{68260C23-F95C-4A1C-8795-9B3A2C2EBC59}"
EndProject
Global
	GlobalSection(SolutionConfigurationPlatforms) = preSolution
		Debug|Any CPU = Debug|Any CPU
		Debug|ARM = Debug|ARM
		Debug|ARM64 = Debug|ARM64
		Debug|x64 = Debug|x64
		Debug|x86 = Debug|x86
		Release|Any CPU = Release|Any CPU
		Release|ARM = Release|ARM
		Release|ARM64 = Release|ARM64
		Release|x64 = Release|x64
		Release|x86 = Release|x86
	EndGlobalSection
	GlobalSection(ProjectConfigurationPlatforms) = postSolution
		{5B1E9F61-0D36-4958-8AAA-FAE6DE4D2C98}.Debug|Any CPU.ActiveCfg = Debug|x86
		{5B1E9F61-0D36-4958-8AAA-FAE6DE4D2C98}.Debug|ARM.ActiveCfg = Debug|ARM
		{5B1E9F61-0D36-4958-8AAA-FAE6DE4D2C98}.Debug|ARM.Build.0 = Debug|ARM
		{5B1E9F61-0D36-4958-8AAA-FAE6DE4D2C98}.Debug|ARM.Deploy.0 = Debug|ARM
		{5B1E9F61-0D36-4958-8AAA-FAE6DE4D2C98}.Debug|ARM64.ActiveCfg = Debug|x86
		{5B1E9F61-0D36-4958-8AAA-FAE6DE4D2C98}.Debug|x64.ActiveCfg = Debug|x64
		{5B1E9F61-0D36-4958-8AAA-FAE6DE4D2C98}.Debug|x64.Build.0 = Debug|x64
		{5B1E9F61-0D36-4958-8AAA-FAE6DE4D2C98}.Debug|x64.Deploy.0 = Debug|x64
		{5B1E9F61-0D36-4958-8AAA-FAE6DE4D2C98}.Debug|x86.ActiveCfg = Debug|x86
		{5B1E9F61-0D36-4958-8AAA-FAE6DE4D2C98}.Debug|x86.Build.0 = Debug|x86
		{5B1E9F61-0D36-4958-8AAA-FAE6DE4D2C98}.Debug|x86.Deploy.0 = Debug|x86
		{5B1E9F61-0D36-4958-8AAA-FAE6DE4D2C98}.Release|Any CPU.ActiveCfg = Release|x86
		{5B1E9F61-0D36-4958-8AAA-FAE6DE4D2C98}.Release|ARM.ActiveCfg = Release|ARM
		{5B1E9F61-0D36-4958-8AAA-FAE6DE4D2C98}.Release|ARM.Build.0 = Release|ARM
		{5B1E9F61-0D36-4958-8AAA-FAE6DE4D2C98}.Release|ARM.Deploy.0 = Release|ARM
		{5B1E9F61-0D36-4958-8AAA-FAE6DE4D2C98}.Release|ARM64.ActiveCfg = Release|x86
		{5B1E9F61-0D36-4958-8AAA-FAE6DE4D2C98}.Release|x64.ActiveCfg = Release|x64
		{5B1E9F61-0D36-4958-8AAA-FAE6DE4D2C98}.Release|x64.Build.0 = Release|x64
		{5B1E9F61-0D36-4958-8AAA-FAE6DE4D2C98}.Release|x64.Deploy.0 = Release|x64
		{5B1E9F61-0D36-4958-8AAA-FAE6DE4D2C98}.Release|x86.ActiveCfg = Release|x86
		{5B1E9F61-0D36-4958-8AAA-FAE6DE4D2C98}.Release|x86.Build.0 = Release|x86
		{5B1E9F61-0D36-4958-8AAA-FAE6DE4D2C98}.Release|x86.Deploy.0 = Release|x86
		{F8BFD5AA-EA56-4C51-8670-F7E01FA1985E}.Debug|Any CPU.ActiveCfg = Debug|Any CPU
		{F8BFD5AA-EA56-4C51-8670-F7E01FA1985E}.Debug|Any CPU.Build.0 = Debug|Any CPU
		{F8BFD5AA-EA56-4C51-8670-F7E01FA1985E}.Debug|ARM.ActiveCfg = Debug|ARM
		{F8BFD5AA-EA56-4C51-8670-F7E01FA1985E}.Debug|ARM.Build.0 = Debug|ARM
		{F8BFD5AA-EA56-4C51-8670-F7E01FA1985E}.Debug|ARM64.ActiveCfg = Debug|Any CPU
		{F8BFD5AA-EA56-4C51-8670-F7E01FA1985E}.Debug|ARM64.Build.0 = Debug|Any CPU
		{F8BFD5AA-EA56-4C51-8670-F7E01FA1985E}.Debug|x64.ActiveCfg = Debug|x64
		{F8BFD5AA-EA56-4C51-8670-F7E01FA1985E}.Debug|x64.Build.0 = Debug|x64
		{F8BFD5AA-EA56-4C51-8670-F7E01FA1985E}.Debug|x86.ActiveCfg = Debug|x86
		{F8BFD5AA-EA56-4C51-8670-F7E01FA1985E}.Debug|x86.Build.0 = Debug|x86
		{F8BFD5AA-EA56-4C51-8670-F7E01FA1985E}.Release|Any CPU.ActiveCfg = Release|Any CPU
		{F8BFD5AA-EA56-4C51-8670-F7E01FA1985E}.Release|Any CPU.Build.0 = Release|Any CPU
		{F8BFD5AA-EA56-4C51-8670-F7E01FA1985E}.Release|ARM.ActiveCfg = Release|ARM
		{F8BFD5AA-EA56-4C51-8670-F7E01FA1985E}.Release|ARM.Build.0 = Release|ARM
		{F8BFD5AA-EA56-4C51-8670-F7E01FA1985E}.Release|ARM64.ActiveCfg = Release|Any CPU
		{F8BFD5AA-EA56-4C51-8670-F7E01FA1985E}.Release|ARM64.Build.0 = Release|Any CPU
		{F8BFD5AA-EA56-4C51-8670-F7E01FA1985E}.Release|x64.ActiveCfg = Release|x64
		{F8BFD5AA-EA56-4C51-8670-F7E01FA1985E}.Release|x64.Build.0 = Release|x64
		{F8BFD5AA-EA56-4C51-8670-F7E01FA1985E}.Release|x86.ActiveCfg = Release|x86
		{F8BFD5AA-EA56-4C51-8670-F7E01FA1985E}.Release|x86.Build.0 = Release|x86
		{2EE2B9C4-DFA5-4C71-A968-B617BADD8102}.Debug|Any CPU.ActiveCfg = Debug|Any CPU
		{2EE2B9C4-DFA5-4C71-A968-B617BADD8102}.Debug|Any CPU.Build.0 = Debug|Any CPU
		{2EE2B9C4-DFA5-4C71-A968-B617BADD8102}.Debug|ARM.ActiveCfg = Debug|ARM
		{2EE2B9C4-DFA5-4C71-A968-B617BADD8102}.Debug|ARM.Build.0 = Debug|ARM
		{2EE2B9C4-DFA5-4C71-A968-B617BADD8102}.Debug|ARM64.ActiveCfg = Debug|Any CPU
		{2EE2B9C4-DFA5-4C71-A968-B617BADD8102}.Debug|ARM64.Build.0 = Debug|Any CPU
		{2EE2B9C4-DFA5-4C71-A968-B617BADD8102}.Debug|x64.ActiveCfg = Debug|x64
		{2EE2B9C4-DFA5-4C71-A968-B617BADD8102}.Debug|x64.Build.0 = Debug|x64
		{2EE2B9C4-DFA5-4C71-A968-B617BADD8102}.Debug|x86.ActiveCfg = Debug|x86
		{2EE2B9C4-DFA5-4C71-A968-B617BADD8102}.Debug|x86.Build.0 = Debug|x86
		{2EE2B9C4-DFA5-4C71-A968-B617BADD8102}.Release|Any CPU.ActiveCfg = Release|Any CPU
		{2EE2B9C4-DFA5-4C71-A968-B617BADD8102}.Release|Any CPU.Build.0 = Release|Any CPU
		{2EE2B9C4-DFA5-4C71-A968-B617BADD8102}.Release|ARM.ActiveCfg = Release|ARM
		{2EE2B9C4-DFA5-4C71-A968-B617BADD8102}.Release|ARM.Build.0 = Release|ARM
		{2EE2B9C4-DFA5-4C71-A968-B617BADD8102}.Release|ARM64.ActiveCfg = Release|Any CPU
		{2EE2B9C4-DFA5-4C71-A968-B617BADD8102}.Release|ARM64.Build.0 = Release|Any CPU
		{2EE2B9C4-DFA5-4C71-A968-B617BADD8102}.Release|x64.ActiveCfg = Release|x64
		{2EE2B9C4-DFA5-4C71-A968-B617BADD8102}.Release|x64.Build.0 = Release|x64
		{2EE2B9C4-DFA5-4C71-A968-B617BADD8102}.Release|x86.ActiveCfg = Release|x86
		{2EE2B9C4-DFA5-4C71-A968-B617BADD8102}.Release|x86.Build.0 = Release|x86
		{8D9DE5C8-7077-4833-8DD9-AE9E4CCECABE}.Debug|Any CPU.ActiveCfg = Debug|Any CPU
		{8D9DE5C8-7077-4833-8DD9-AE9E4CCECABE}.Debug|Any CPU.Build.0 = Debug|Any CPU
		{8D9DE5C8-7077-4833-8DD9-AE9E4CCECABE}.Debug|ARM.ActiveCfg = Debug|ARM
		{8D9DE5C8-7077-4833-8DD9-AE9E4CCECABE}.Debug|ARM.Build.0 = Debug|ARM
		{8D9DE5C8-7077-4833-8DD9-AE9E4CCECABE}.Debug|ARM64.ActiveCfg = Debug|Any CPU
		{8D9DE5C8-7077-4833-8DD9-AE9E4CCECABE}.Debug|ARM64.Build.0 = Debug|Any CPU
		{8D9DE5C8-7077-4833-8DD9-AE9E4CCECABE}.Debug|x64.ActiveCfg = Debug|x64
		{8D9DE5C8-7077-4833-8DD9-AE9E4CCECABE}.Debug|x64.Build.0 = Debug|x64
		{8D9DE5C8-7077-4833-8DD9-AE9E4CCECABE}.Debug|x86.ActiveCfg = Debug|x86
		{8D9DE5C8-7077-4833-8DD9-AE9E4CCECABE}.Debug|x86.Build.0 = Debug|x86
		{8D9DE5C8-7077-4833-8DD9-AE9E4CCECABE}.Release|Any CPU.ActiveCfg = Release|Any CPU
		{8D9DE5C8-7077-4833-8DD9-AE9E4CCECABE}.Release|Any CPU.Build.0 = Release|Any CPU
		{8D9DE5C8-7077-4833-8DD9-AE9E4CCECABE}.Release|ARM.ActiveCfg = Release|ARM
		{8D9DE5C8-7077-4833-8DD9-AE9E4CCECABE}.Release|ARM.Build.0 = Release|ARM
		{8D9DE5C8-7077-4833-8DD9-AE9E4CCECABE}.Release|ARM64.ActiveCfg = Release|Any CPU
		{8D9DE5C8-7077-4833-8DD9-AE9E4CCECABE}.Release|ARM64.Build.0 = Release|Any CPU
		{8D9DE5C8-7077-4833-8DD9-AE9E4CCECABE}.Release|x64.ActiveCfg = Release|x64
		{8D9DE5C8-7077-4833-8DD9-AE9E4CCECABE}.Release|x64.Build.0 = Release|x64
		{8D9DE5C8-7077-4833-8DD9-AE9E4CCECABE}.Release|x86.ActiveCfg = Release|x86
		{8D9DE5C8-7077-4833-8DD9-AE9E4CCECABE}.Release|x86.Build.0 = Release|x86
		{68260C23-F95C-4A1C-8795-9B3A2C2EBC59}.Debug|Any CPU.ActiveCfg = Debug|Any CPU
		{68260C23-F95C-4A1C-8795-9B3A2C2EBC59}.Debug|Any CPU.Build.0 = Debug|Any CPU
		{68260C23-F95C-4A1C-8795-9B3A2C2EBC59}.Debug|ARM.ActiveCfg = Debug|ARM
		{68260C23-F95C-4A1C-8795-9B3A2C2EBC59}.Debug|ARM.Build.0 = Debug|ARM
		{68260C23-F95C-4A1C-8795-9B3A2C2EBC59}.Debug|ARM64.ActiveCfg = Debug|ARM64
		{68260C23-F95C-4A1C-8795-9B3A2C2EBC59}.Debug|ARM64.Build.0 = Debug|ARM64
		{68260C23-F95C-4A1C-8795-9B3A2C2EBC59}.Debug|x64.ActiveCfg = Debug|x64
		{68260C23-F95C-4A1C-8795-9B3A2C2EBC59}.Debug|x64.Build.0 = Debug|x64
		{68260C23-F95C-4A1C-8795-9B3A2C2EBC59}.Debug|x86.ActiveCfg = Debug|x86
		{68260C23-F95C-4A1C-8795-9B3A2C2EBC59}.Debug|x86.Build.0 = Debug|x86
		{68260C23-F95C-4A1C-8795-9B3A2C2EBC59}.Release|Any CPU.ActiveCfg = Release|Any CPU
		{68260C23-F95C-4A1C-8795-9B3A2C2EBC59}.Release|Any CPU.Build.0 = Release|Any CPU
		{68260C23-F95C-4A1C-8795-9B3A2C2EBC59}.Release|ARM.ActiveCfg = Release|ARM
		{68260C23-F95C-4A1C-8795-9B3A2C2EBC59}.Release|ARM.Build.0 = Release|ARM
		{68260C23-F95C-4A1C-8795-9B3A2C2EBC59}.Release|ARM64.ActiveCfg = Release|ARM64
		{68260C23-F95C-4A1C-8795-9B3A2C2EBC59}.Release|ARM64.Build.0 = Release|ARM64
		{68260C23-F95C-4A1C-8795-9B3A2C2EBC59}.Release|x64.ActiveCfg = Release|x64
		{68260C23-F95C-4A1C-8795-9B3A2C2EBC59}.Release|x64.Build.0 = Release|x64
		{68260C23-F95C-4A1C-8795-9B3A2C2EBC59}.Release|x86.ActiveCfg = Release|x86
		{68260C23-F95C-4A1C-8795-9B3A2C2EBC59}.Release|x86.Build.0 = Release|x86
	EndGlobalSection
	GlobalSection(SolutionProperties) = preSolution
		HideSolutionNode = FALSE
	EndGlobalSection
	GlobalSection(ExtensibilityGlobals) = postSolution
		SolutionGuid = {99A5D337-AB92-4C9D-93BA-A17D37A88336}
	EndGlobalSection
EndGlobal
